
Microsoft Visual Studio Solution File, Format Version 12.00
# Visual Studio 14
VisualStudioVersion = 14.0.24720.0
MinimumVisualStudioVersion = 10.0.40219.1
Project("{FAE04EC0-301F-11D3-BF4B-00C04F79EFBC}") = "DMHelper_API", "DMHelper_API\DMHelper_API.csproj", "{B7B72AA7-09EF-4D7D-A2B8-5FB665A0D159}"
EndProject
Project("{FAE04EC0-301F-11D3-BF4B-00C04F79EFBC}") = "DMHelper_API.Tests", "DMHelper_API.Tests\DMHelper_API.Tests.csproj", "{942BD361-6110-4FA5-BD95-6CA34579C7DF}"
EndProject
Project("{FAE04EC0-301F-11D3-BF4B-00C04F79EFBC}") = "DmHelper_Data", "DmHelper_Data\DmHelper_Data.csproj", "{6B603339-FA7B-4AB6-B840-94ECC593B0A4}"
EndProject
Project("{FAE04EC0-301F-11D3-BF4B-00C04F79EFBC}") = "DmHelper_Models", "DmHelper_Models\DmHelper_Models.csproj", "{90543024-7591-46B9-8AB4-1E496EBD32E3}"
EndProject
Global
	GlobalSection(SolutionConfigurationPlatforms) = preSolution
		Debug|Any CPU = Debug|Any CPU
		Release|Any CPU = Release|Any CPU
	EndGlobalSection
	GlobalSection(ProjectConfigurationPlatforms) = postSolution
		{B7B72AA7-09EF-4D7D-A2B8-5FB665A0D159}.Debug|Any CPU.ActiveCfg = Debug|Any CPU
		{B7B72AA7-09EF-4D7D-A2B8-5FB665A0D159}.Debug|Any CPU.Build.0 = Debug|Any CPU
		{B7B72AA7-09EF-4D7D-A2B8-5FB665A0D159}.Release|Any CPU.ActiveCfg = Release|Any CPU
		{B7B72AA7-09EF-4D7D-A2B8-5FB665A0D159}.Release|Any CPU.Build.0 = Release|Any CPU
		{942BD361-6110-4FA5-BD95-6CA34579C7DF}.Debug|Any CPU.ActiveCfg = Debug|Any CPU
		{942BD361-6110-4FA5-BD95-6CA34579C7DF}.Debug|Any CPU.Build.0 = Debug|Any CPU
		{942BD361-6110-4FA5-BD95-6CA34579C7DF}.Release|Any CPU.ActiveCfg = Release|Any CPU
		{942BD361-6110-4FA5-BD95-6CA34579C7DF}.Release|Any CPU.Build.0 = Release|Any CPU
		{6B603339-FA7B-4AB6-B840-94ECC593B0A4}.Debug|Any CPU.ActiveCfg = Debug|Any CPU
		{6B603339-FA7B-4AB6-B840-94ECC593B0A4}.Debug|Any CPU.Build.0 = Debug|Any CPU
		{6B603339-FA7B-4AB6-B840-94ECC593B0A4}.Release|Any CPU.ActiveCfg = Release|Any CPU
		{6B603339-FA7B-4AB6-B840-94ECC593B0A4}.Release|Any CPU.Build.0 = Release|Any CPU
		{90543024-7591-46B9-8AB4-1E496EBD32E3}.Debug|Any CPU.ActiveCfg = Debug|Any CPU
		{90543024-7591-46B9-8AB4-1E496EBD32E3}.Debug|Any CPU.Build.0 = Debug|Any CPU
		{90543024-7591-46B9-8AB4-1E496EBD32E3}.Release|Any CPU.ActiveCfg = Release|Any CPU
		{90543024-7591-46B9-8AB4-1E496EBD32E3}.Release|Any CPU.Build.0 = Release|Any CPU
	EndGlobalSection
	GlobalSection(SolutionProperties) = preSolution
		HideSolutionNode = FALSE
	EndGlobalSection
EndGlobal
